
Microsoft Visual Studio Solution File, Format Version 12.00
# Visual Studio Version 16
VisualStudioVersion = 16.0.32106.194
MinimumVisualStudioVersion = 10.0.40219.1
Project("{FAE04EC0-301F-11D3-BF4B-00C04F79EFBC}") = "chess-console-app", "chess-console-app\chess-console-app.csproj", "{C6CA30E5-6CE3-45C4-99F5-281FB2A05A7E}"
EndProject
Global
	GlobalSection(SolutionConfigurationPlatforms) = preSolution
		Debug|Any CPU = Debug|Any CPU
		Release|Any CPU = Release|Any CPU
	EndGlobalSection
	GlobalSection(ProjectConfigurationPlatforms) = postSolution
		{C6CA30E5-6CE3-45C4-99F5-281FB2A05A7E}.Debug|Any CPU.ActiveCfg = Debug|Any CPU
		{C6CA30E5-6CE3-45C4-99F5-281FB2A05A7E}.Debug|Any CPU.Build.0 = Debug|Any CPU
		{C6CA30E5-6CE3-45C4-99F5-281FB2A05A7E}.Release|Any CPU.ActiveCfg = Release|Any CPU
		{C6CA30E5-6CE3-45C4-99F5-281FB2A05A7E}.Release|Any CPU.Build.0 = Release|Any CPU
	EndGlobalSection
	GlobalSection(SolutionProperties) = preSolution
		HideSolutionNode = FALSE
	EndGlobalSection
	GlobalSection(ExtensibilityGlobals) = postSolution
		SolutionGuid = {E0F7E537-742B-4A8B-97FB-AF9F8589261D}
	EndGlobalSection
EndGlobal
